
Microsoft Visual Studio Solution File, Format Version 12.00
# Visual Studio Version 16
VisualStudioVersion = 16.0.30104.148
MinimumVisualStudioVersion = 10.0.40219.1
Project("{9A19103F-16F7-4668-BE54-9A1E7A4F7556}") = "VxFormGeneratorDemo.Server", "VxFormGeneratorDemo.Server\VxFormGeneratorDemo.Server.csproj", "{93087E84-D125-415E-822A-9805A48C473B}"
EndProject
Project("{9A19103F-16F7-4668-BE54-9A1E7A4F7556}") = "VxFormGenerator.Core", "VxFormGenerator.Core\VxFormGenerator.Core.csproj", "{EDEF4FEC-5088-4DF5-B057-2CDA074505EC}"
EndProject
Project("{9A19103F-16F7-4668-BE54-9A1E7A4F7556}") = "VxFormGenerator.Components.Bootstrap", "VxFormGenerator.Components.Bootstrap\VxFormGenerator.Components.Bootstrap.csproj", "{23AB5CD5-8FB4-43A5-9B7B-1E704C1A3909}"
EndProject
Project("{9A19103F-16F7-4668-BE54-9A1E7A4F7556}") = "VxFormGenerator.Components.Plain", "VxFormGenerator.Components.Plain\VxFormGenerator.Components.Plain.csproj", "{5BB684AC-3B47-4492-9AE6-8FA93567E53A}"
EndProject
Project("{2150E333-8FDC-42A3-9474-1A3956D46DE8}") = "Solution Items", "Solution Items", "{793D7184-2846-4E6D-A4C4-7B93D5EB276E}"
	ProjectSection(SolutionItems) = preProject
		changlog.bat = changlog.bat
		.github\workflows\create_release.yml = .github\workflows\create_release.yml
		.github\workflows\master.yml = .github\workflows\master.yml
		README.md = README.md
		run.cmd = run.cmd
		run.sh = run.sh
	EndProjectSection
EndProject
Project("{9A19103F-16F7-4668-BE54-9A1E7A4F7556}") = "VxFormGenerator.Core.Tests", "VxFormGenerator.Core.Tests\VxFormGenerator.Core.Tests.csproj", "{73AE376A-E7AA-4C7B-972C-6CAD787364D3}"
EndProject
Project("{9A19103F-16F7-4668-BE54-9A1E7A4F7556}") = "VxFormGeneratorDemoData", "VxFormGeneratorDemoData\VxFormGeneratorDemoData.csproj", "{17AC6DF2-4B77-4463-9EB8-D445A858C2F7}"
EndProject
Project("{9A19103F-16F7-4668-BE54-9A1E7A4F7556}") = "VxFormGeneratorDemo.Wasm", "VxFormGeneratorDemo.Wasm\VxFormGeneratorDemo.Wasm.csproj", "{D7388958-7877-4F05-A372-9639EEDF1C76}"
EndProject
Project("{9A19103F-16F7-4668-BE54-9A1E7A4F7556}") = "VxFormGeneratorDemo.Shared", "VxFormGeneratorDemo.Shared\VxFormGeneratorDemo.Shared.csproj", "{EFD74D8B-C011-4464-B0DC-FDE5EFA1559E}"
EndProject
Global
	GlobalSection(SolutionConfigurationPlatforms) = preSolution
		Debug|Any CPU = Debug|Any CPU
		Release|Any CPU = Release|Any CPU
	EndGlobalSection
	GlobalSection(ProjectConfigurationPlatforms) = postSolution
		{93087E84-D125-415E-822A-9805A48C473B}.Debug|Any CPU.ActiveCfg = Debug|Any CPU
		{93087E84-D125-415E-822A-9805A48C473B}.Debug|Any CPU.Build.0 = Debug|Any CPU
		{93087E84-D125-415E-822A-9805A48C473B}.Release|Any CPU.ActiveCfg = Release|Any CPU
		{93087E84-D125-415E-822A-9805A48C473B}.Release|Any CPU.Build.0 = Release|Any CPU
		{EDEF4FEC-5088-4DF5-B057-2CDA074505EC}.Debug|Any CPU.ActiveCfg = Debug|Any CPU
		{EDEF4FEC-5088-4DF5-B057-2CDA074505EC}.Debug|Any CPU.Build.0 = Debug|Any CPU
		{EDEF4FEC-5088-4DF5-B057-2CDA074505EC}.Release|Any CPU.ActiveCfg = Release|Any CPU
		{EDEF4FEC-5088-4DF5-B057-2CDA074505EC}.Release|Any CPU.Build.0 = Release|Any CPU
		{23AB5CD5-8FB4-43A5-9B7B-1E704C1A3909}.Debug|Any CPU.ActiveCfg = Debug|Any CPU
		{23AB5CD5-8FB4-43A5-9B7B-1E704C1A3909}.Debug|Any CPU.Build.0 = Debug|Any CPU
		{23AB5CD5-8FB4-43A5-9B7B-1E704C1A3909}.Release|Any CPU.ActiveCfg = Release|Any CPU
		{23AB5CD5-8FB4-43A5-9B7B-1E704C1A3909}.Release|Any CPU.Build.0 = Release|Any CPU
		{5BB684AC-3B47-4492-9AE6-8FA93567E53A}.Debug|Any CPU.ActiveCfg = Debug|Any CPU
		{5BB684AC-3B47-4492-9AE6-8FA93567E53A}.Debug|Any CPU.Build.0 = Debug|Any CPU
		{5BB684AC-3B47-4492-9AE6-8FA93567E53A}.Release|Any CPU.ActiveCfg = Release|Any CPU
		{5BB684AC-3B47-4492-9AE6-8FA93567E53A}.Release|Any CPU.Build.0 = Release|Any CPU
		{73AE376A-E7AA-4C7B-972C-6CAD787364D3}.Debug|Any CPU.ActiveCfg = Debug|Any CPU
		{73AE376A-E7AA-4C7B-972C-6CAD787364D3}.Debug|Any CPU.Build.0 = Debug|Any CPU
		{73AE376A-E7AA-4C7B-972C-6CAD787364D3}.Release|Any CPU.ActiveCfg = Release|Any CPU
		{73AE376A-E7AA-4C7B-972C-6CAD787364D3}.Release|Any CPU.Build.0 = Release|Any CPU
		{17AC6DF2-4B77-4463-9EB8-D445A858C2F7}.Debug|Any CPU.ActiveCfg = Debug|Any CPU
		{17AC6DF2-4B77-4463-9EB8-D445A858C2F7}.Debug|Any CPU.Build.0 = Debug|Any CPU
		{17AC6DF2-4B77-4463-9EB8-D445A858C2F7}.Release|Any CPU.ActiveCfg = Release|Any CPU
		{17AC6DF2-4B77-4463-9EB8-D445A858C2F7}.Release|Any CPU.Build.0 = Release|Any CPU
		{D7388958-7877-4F05-A372-9639EEDF1C76}.Debug|Any CPU.ActiveCfg = Debug|Any CPU
		{D7388958-7877-4F05-A372-9639EEDF1C76}.Debug|Any CPU.Build.0 = Debug|Any CPU
		{D7388958-7877-4F05-A372-9639EEDF1C76}.Release|Any CPU.ActiveCfg = Release|Any CPU
		{D7388958-7877-4F05-A372-9639EEDF1C76}.Release|Any CPU.Build.0 = Release|Any CPU
		{EFD74D8B-C011-4464-B0DC-FDE5EFA1559E}.Debug|Any CPU.ActiveCfg = Debug|Any CPU
		{EFD74D8B-C011-4464-B0DC-FDE5EFA1559E}.Debug|Any CPU.Build.0 = Debug|Any CPU
		{EFD74D8B-C011-4464-B0DC-FDE5EFA1559E}.Release|Any CPU.ActiveCfg = Release|Any CPU
		{EFD74D8B-C011-4464-B0DC-FDE5EFA1559E}.Release|Any CPU.Build.0 = Release|Any CPU
	EndGlobalSection
	GlobalSection(SolutionProperties) = preSolution
		HideSolutionNode = FALSE
	EndGlobalSection
	GlobalSection(ExtensibilityGlobals) = postSolution
		SolutionGuid = {3153DC95-ACE4-473D-8019-C5E251952CEF}
	EndGlobalSection
EndGlobal
